// !$*UTF8*$!
{
	archiveVersion = 1;
	classes = {
	};
	objectVersion = 50;
	objects = {

/* Begin PBXBuildFile section */
		07797AFC24DB3FD400150EB0 /* AppDelegate.swift in Sources */ = {isa = PBXBuildFile; fileRef = 07797AFB24DB3FD400150EB0 /* AppDelegate.swift */; };
		07797AFE24DB3FD400150EB0 /* SceneDelegate.swift in Sources */ = {isa = PBXBuildFile; fileRef = 07797AFD24DB3FD400150EB0 /* SceneDelegate.swift */; };
		07797B0024DB3FD400150EB0 /* ViewController.swift in Sources */ = {isa = PBXBuildFile; fileRef = 07797AFF24DB3FD400150EB0 /* ViewController.swift */; };
		07797B0324DB3FD400150EB0 /* Main.storyboard in Resources */ = {isa = PBXBuildFile; fileRef = 07797B0124DB3FD400150EB0 /* Main.storyboard */; };
		07797B0524DB3FD700150EB0 /* Assets.xcassets in Resources */ = {isa = PBXBuildFile; fileRef = 07797B0424DB3FD700150EB0 /* Assets.xcassets */; };
		07797B0824DB3FD700150EB0 /* LaunchScreen.storyboard in Resources */ = {isa = PBXBuildFile; fileRef = 07797B0624DB3FD700150EB0 /* LaunchScreen.storyboard */; };
/* End PBXBuildFile section */

/* Begin PBXFileReference section */
		07797AF824DB3FD400150EB0 /* miniproject-one.app */ = {isa = PBXFileReference; explicitFileType = wrapper.application; includeInIndex = 0; path = "miniproject-one.app"; sourceTree = BUILT_PRODUCTS_DIR; };
		07797AFB24DB3FD400150EB0 /* AppDelegate.swift */ = {isa = PBXFileReference; lastKnownFileType = sourcecode.swift; path = AppDelegate.swift; sourceTree = "<group>"; };
		07797AFD24DB3FD400150EB0 /* SceneDelegate.swift */ = {isa = PBXFileReference; lastKnownFileType = sourcecode.swift; path = SceneDelegate.swift; sourceTree = "<group>"; };
		07797AFF24DB3FD400150EB0 /* ViewController.swift */ = {isa = PBXFileReference; lastKnownFileType = sourcecode.swift; path = ViewController.swift; sourceTree = "<group>"; };
		07797B0224DB3FD400150EB0 /* Base */ = {isa = PBXFileReference; lastKnownFileType = file.storyboard; name = Base; path = Base.lproj/Main.storyboard; sourceTree = "<group>"; };
		07797B0424DB3FD700150EB0 /* Assets.xcassets */ = {isa = PBXFileReference; lastKnownFileType = folder.assetcatalog; path = Assets.xcassets; sourceTree = "<group>"; };
		07797B0724DB3FD700150EB0 /* Base */ = {isa = PBXFileReference; lastKnownFileType = file.storyboard; name = Base; path = Base.lproj/LaunchScreen.storyboard; sourceTree = "<group>"; };
		07797B0924DB3FD700150EB0 /* Info.plist */ = {isa = PBXFileReference; lastKnownFileType = text.plist.xml; path = Info.plist; sourceTree = "<group>"; };
/* End PBXFileReference section */

/* Begin PBXFrameworksBuildPhase section */
		07797AF524DB3FD400150EB0 /* Frameworks */ = {
			isa = PBXFrameworksBuildPhase;
			buildActionMask = 2147483647;
			files = (
			);
			runOnlyForDeploymentPostprocessing = 0;
		};
/* End PBXFrameworksBuildPhase section */

/* Begin PBXGroup section */
		07797AEF24DB3FD300150EB0 = {
			isa = PBXGroup;
			children = (
				07797AFA24DB3FD400150EB0 /* miniproject-one */,
				07797AF924DB3FD400150EB0 /* Products */,
			);
			sourceTree = "<group>";
		};
		07797AF924DB3FD400150EB0 /* Products */ = {
			isa = PBXGroup;
			children = (
				07797AF824DB3FD400150EB0 /* miniproject-one.app */,
			);
			name = Products;
			sourceTree = "<group>";
		};
		07797AFA24DB3FD400150EB0 /* miniproject-one */ = {
			isa = PBXGroup;
			children = (
				07797AFB24DB3FD400150EB0 /* AppDelegate.swift */,
				07797AFD24DB3FD400150EB0 /* SceneDelegate.swift */,
				07797AFF24DB3FD400150EB0 /* ViewController.swift */,
				07797B0124DB3FD400150EB0 /* Main.storyboard */,
				07797B0424DB3FD700150EB0 /* Assets.xcassets */,
				07797B0624DB3FD700150EB0 /* LaunchScreen.storyboard */,
				07797B0924DB3FD700150EB0 /* Info.plist */,
			);
			path = "miniproject-one";
			sourceTree = "<group>";
		};
/* End PBXGroup section */

/* Begin PBXNativeTarget section */
		07797AF724DB3FD400150EB0 /* miniproject-one */ = {
			isa = PBXNativeTarget;
			buildConfigurationList = 07797B0C24DB3FD700150EB0 /* Build configuration list for PBXNativeTarget "miniproject-one" */;
			buildPhases = (
				07797AF424DB3FD400150EB0 /* Sources */,
				07797AF524DB3FD400150EB0 /* Frameworks */,
				07797AF624DB3FD400150EB0 /* Resources */,
			);
			buildRules = (
			);
			dependencies = (
			);
			name = "miniproject-one";
			productName = "miniproject-one";
			productReference = 07797AF824DB3FD400150EB0 /* miniproject-one.app */;
			productType = "com.apple.product-type.application";
		};
/* End PBXNativeTarget section */

/* Begin PBXProject section */
		07797AF024DB3FD300150EB0 /* Project object */ = {
			isa = PBXProject;
			attributes = {
				LastSwiftUpdateCheck = 1150;
				LastUpgradeCheck = 1150;
				ORGANIZATIONNAME = trinity;
				TargetAttributes = {
					07797AF724DB3FD400150EB0 = {
						CreatedOnToolsVersion = 11.5;
					};
				};
			};
			buildConfigurationList = 07797AF324DB3FD300150EB0 /* Build configuration list for PBXProject "miniproject-one" */;
			compatibilityVersion = "Xcode 9.3";
			developmentRegion = en;
			hasScannedForEncodings = 0;
			knownRegions = (
				en,
				Base,
			);
			mainGroup = 07797AEF24DB3FD300150EB0;
			productRefGroup = 07797AF924DB3FD400150EB0 /* Products */;
			projectDirPath = "";
			projectRoot = "";
			targets = (
				07797AF724DB3FD400150EB0 /* miniproject-one */,
			);
		};
/* End PBXProject section */

/* Begin PBXResourcesBuildPhase section */
		07797AF624DB3FD400150EB0 /* Resources */ = {
			isa = PBXResourcesBuildPhase;
			buildActionMask = 2147483647;
			files = (
				07797B0824DB3FD700150EB0 /* LaunchScreen.storyboard in Resources */,
				07797B0524DB3FD700150EB0 /* Assets.xcassets in Resources */,
				07797B0324DB3FD400150EB0 /* Main.storyboard in Resources */,
			);
			runOnlyForDeploymentPostprocessing = 0;
		};
/* End PBXResourcesBuildPhase section */

/* Begin PBXSourcesBuildPhase section */
		07797AF424DB3FD400150EB0 /* Sources */ = {
			isa = PBXSourcesBuildPhase;
			buildActionMask = 2147483647;
			files = (
				07797B0024DB3FD400150EB0 /* ViewController.swift in Sources */,
				07797AFC24DB3FD400150EB0 /* AppDelegate.swift in Sources */,
				07797AFE24DB3FD400150EB0 /* SceneDelegate.swift in Sources */,
			);
			runOnlyForDeploymentPostprocessing = 0;
		};
/* End PBXSourcesBuildPhase section */

/* Begin PBXVariantGroup section */
		07797B0124DB3FD400150EB0 /* Main.storyboard */ = {
			isa = PBXVariantGroup;
			children = (
				07797B0224DB3FD400150EB0 /* Base */,
			);
			name = Main.storyboard;
			sourceTree = "<group>";
		};
		07797B0624DB3FD700150EB0 /* LaunchScreen.storyboard */ = {
			isa = PBXVariantGroup;
			children = (
				07797B0724DB3FD700150EB0 /* Base */,
			);
			name = LaunchScreen.storyboard;
			sourceTree = "<group>";
		};
/* End PBXVariantGroup section */

/* Begin XCBuildConfiguration section */
		07797B0A24DB3FD700150EB0 /* Debug */ = {
			isa = XCBuildConfiguration;
			buildSettings = {
				ALWAYS_SEARCH_USER_PATHS = NO;
				CLANG_ANALYZER_NONNULL = YES;
				CLANG_ANALYZER_NUMBER_OBJECT_CONVERSION = YES_AGGRESSIVE;
				CLANG_CXX_LANGUAGE_STANDARD = "gnu++14";
				CLANG_CXX_LIBRARY = "libc++";
				CLANG_ENABLE_MODULES = YES;
				CLANG_ENABLE_OBJC_ARC = YES;
				CLANG_ENABLE_OBJC_WEAK = YES;
				CLANG_WARN_BLOCK_CAPTURE_AUTORELEASING = YES;
				CLANG_WARN_BOOL_CONVERSION = YES;
				CLANG_WARN_COMMA = YES;
				CLANG_WARN_CONSTANT_CONVERSION = YES;
				CLANG_WARN_DEPRECATED_OBJC_IMPLEMENTATIONS = YES;
				CLANG_WARN_DIRECT_OBJC_ISA_USAGE = YES_ERROR;
				CLANG_WARN_DOCUMENTATION_COMMENTS = YES;
				CLANG_WARN_EMPTY_BODY = YES;
				CLANG_WARN_ENUM_CONVERSION = YES;
				CLANG_WARN_INFINITE_RECURSION = YES;
				CLANG_WARN_INT_CONVERSION = YES;
				CLANG_WARN_NON_LITERAL_NULL_CONVERSION = YES;
				CLANG_WARN_OBJC_IMPLICIT_RETAIN_SELF = YES;
				CLANG_WARN_OBJC_LITERAL_CONVERSION = YES;
				CLANG_WARN_OBJC_ROOT_CLASS = YES_ERROR;
				CLANG_WARN_RANGE_LOOP_ANALYSIS = YES;
				CLANG_WARN_STRICT_PROTOTYPES = YES;
				CLANG_WARN_SUSPICIOUS_MOVE = YES;
				CLANG_WARN_UNGUARDED_AVAILABILITY = YES_AGGRESSIVE;
				CLANG_WARN_UNREACHABLE_CODE = YES;
				CLANG_WARN__DUPLICATE_METHOD_MATCH = YES;
				COPY_PHASE_STRIP = NO;
				DEBUG_INFORMATION_FORMAT = dwarf;
				ENABLE_STRICT_OBJC_MSGSEND = YES;
				ENABLE_TESTABILITY = YES;
				GCC_C_LANGUAGE_STANDARD = gnu11;
				GCC_DYNAMIC_NO_PIC = NO;
				GCC_NO_COMMON_BLOCKS = YES;
				GCC_OPTIMIZATION_LEVEL = 0;
				GCC_PREPROCESSOR_DEFINITIONS = (
					"DEBUG=1",
					"$(inherited)",
				);
				GCC_WARN_64_TO_32_BIT_CONVERSION = YES;
				GCC_WARN_ABOUT_RETURN_TYPE = YES_ERROR;
				GCC_WARN_UNDECLARED_SELECTOR = YES;
				GCC_WARN_UNINITIALIZED_AUTOS = YES_AGGRESSIVE;
				GCC_WARN_UNUSED_FUNCTION = YES;
				GCC_WARN_UNUSED_VARIABLE = YES;
				IPHONEOS_DEPLOYMENT_TARGET = 13.5;
				MTL_ENABLE_DEBUG_INFO = INCLUDE_SOURCE;
				MTL_FAST_MATH = YES;
				ONLY_ACTIVE_ARCH = YES;
				SDKROOT = iphoneos;
				SWIFT_ACTIVE_COMPILATION_CONDITIONS = DEBUG;
				SWIFT_OPTIMIZATION_LEVEL = "-Onone";
			};
			name = Debug;
		};
		07797B0B24DB3FD700150EB0 /* Release */ = {
			isa = XCBuildConfiguration;
			buildSettings = {
				ALWAYS_SEARCH_USER_PATHS = NO;
				CLANG_ANALYZER_NONNULL = YES;
				CLANG_ANALYZER_NUMBER_OBJECT_CONVERSION = YES_AGGRESSIVE;
				CLANG_CXX_LANGUAGE_STANDARD = "gnu++14";
				CLANG_CXX_LIBRARY = "libc++";
				CLANG_ENABLE_MODULES = YES;
				CLANG_ENABLE_OBJC_ARC = YES;
				CLANG_ENABLE_OBJC_WEAK = YES;
				CLANG_WARN_BLOCK_CAPTURE_AUTORELEASING = YES;
				CLANG_WARN_BOOL_CONVERSION = YES;
				CLANG_WARN_COMMA = YES;
				CLANG_WARN_CONSTANT_CONVERSION = YES;
				CLANG_WARN_DEPRECATED_OBJC_IMPLEMENTATIONS = YES;
				CLANG_WARN_DIRECT_OBJC_ISA_USAGE = YES_ERROR;
				CLANG_WARN_DOCUMENTATION_COMMENTS = YES;
				CLANG_WARN_EMPTY_BODY = YES;
				CLANG_WARN_ENUM_CONVERSION = YES;
				CLANG_WARN_INFINITE_RECURSION = YES;
				CLANG_WARN_INT_CONVERSION = YES;
				CLANG_WARN_NON_LITERAL_NULL_CONVERSION = YES;
				CLANG_WARN_OBJC_IMPLICIT_RETAIN_SELF = YES;
				CLANG_WARN_OBJC_LITERAL_CONVERSION = YES;
				CLANG_WARN_OBJC_ROOT_CLASS = YES_ERROR;
				CLANG_WARN_RANGE_LOOP_ANALYSIS = YES;
				CLANG_WARN_STRICT_PROTOTYPES = YES;
				CLANG_WARN_SUSPICIOUS_MOVE = YES;
				CLANG_WARN_UNGUARDED_AVAILABILITY = YES_AGGRESSIVE;
				CLANG_WARN_UNREACHABLE_CODE = YES;
				CLANG_WARN__DUPLICATE_METHOD_MATCH = YES;
				COPY_PHASE_STRIP = NO;
				DEBUG_INFORMATION_FORMAT = "dwarf-with-dsym";
				ENABLE_NS_ASSERTIONS = NO;
				ENABLE_STRICT_OBJC_MSGSEND = YES;
				GCC_C_LANGUAGE_STANDARD = gnu11;
				GCC_NO_COMMON_BLOCKS = YES;
				GCC_WARN_64_TO_32_BIT_CONVERSION = YES;
				GCC_WARN_ABOUT_RETURN_TYPE = YES_ERROR;
				GCC_WARN_UNDECLARED_SELECTOR = YES;
				GCC_WARN_UNINITIALIZED_AUTOS = YES_AGGRESSIVE;
				GCC_WARN_UNUSED_FUNCTION = YES;
				GCC_WARN_UNUSED_VARIABLE = YES;
				IPHONEOS_DEPLOYMENT_TARGET = 13.5;
				MTL_ENABLE_DEBUG_INFO = NO;
				MTL_FAST_MATH = YES;
				SDKROOT = iphoneos;
				SWIFT_COMPILATION_MODE = wholemodule;
				SWIFT_OPTIMIZATION_LEVEL = "-O";
				VALIDATE_PRODUCT = YES;
			};
			name = Release;
		};
		07797B0D24DB3FD700150EB0 /* Debug */ = {
			isa = XCBuildConfiguration;
			buildSettings = {
				ASSETCATALOG_COMPILER_APPICON_NAME = AppIcon;
				CODE_SIGN_STYLE = Automatic;
				INFOPLIST_FILE = "miniproject-one/Info.plist";
				LD_RUNPATH_SEARCH_PATHS = (
					"$(inherited)",
					"@executable_path/Frameworks",
				);
				PRODUCT_BUNDLE_IDENTIFIER = "KWK.miniproject-one";
				PRODUCT_NAME = "$(TARGET_NAME)";
				SWIFT_VERSION = 5.0;
				TARGETED_DEVICE_FAMILY = "1,2";
			};
			name = Debug;
		};
		07797B0E24DB3FD700150EB0 /* Release */ = {
			isa = XCBuildConfiguration;
			buildSettings = {
				ASSETCATALOG_COMPILER_APPICON_NAME = AppIcon;
				CODE_SIGN_STYLE = Automatic;
				INFOPLIST_FILE = "miniproject-one/Info.plist";
				LD_RUNPATH_SEARCH_PATHS = (
					"$(inherited)",
					"@executable_path/Frameworks",
				);
				PRODUCT_BUNDLE_IDENTIFIER = "KWK.miniproject-one";
				PRODUCT_NAME = "$(TARGET_NAME)";
				SWIFT_VERSION = 5.0;
				TARGETED_DEVICE_FAMILY = "1,2";
			};
			name = Release;
		};
/* End XCBuildConfiguration section */

/* Begin XCConfigurationList section */
		07797AF324DB3FD300150EB0 /* Build configuration list for PBXProject "miniproject-one" */ = {
			isa = XCConfigurationList;
			buildConfigurations = (
				07797B0A24DB3FD700150EB0 /* Debug */,
				07797B0B24DB3FD700150EB0 /* Release */,
			);
			defaultConfigurationIsVisible = 0;
			defaultConfigurationName = Release;
		};
		07797B0C24DB3FD700150EB0 /* Build configuration list for PBXNativeTarget "miniproject-one" */ = {
			isa = XCConfigurationList;
			buildConfigurations = (
				07797B0D24DB3FD700150EB0 /* Debug */,
				07797B0E24DB3FD700150EB0 /* Release */,
			);
			defaultConfigurationIsVisible = 0;
			defaultConfigurationName = Release;
		};
/* End XCConfigurationList section */
	};
	rootObject = 07797AF024DB3FD300150EB0 /* Project object */;
}
